{
  "object": {
    "pins": [
      {
        "package": "SwiftXMLParser",
        "repositoryURL": "https://github.com/stefanspringer1/SwiftXMLParser",
        "state": {
          "branch": null,
          "revision": "9cb85bc8effadbe8d6f415a65f2e93b31e379e28",
          "version": "0.1.4"
        }
      },
      {
        "package": "XMLInterfaces",
        "repositoryURL": "https://github.com/stefanspringer1/XMLInterfaces",
        "state": {
          "branch": null,
          "revision": "c9b561ac1d44f17563da727bc2291ae68dcb7dc7",
          "version": "0.1.4"
        }
      }
    ]
  },
  "version": 1
}
